
Microsoft Visual Studio Solution File, Format Version 12.00
# Visual Studio Version 16
VisualStudioVersion = 16.0.31727.386
MinimumVisualStudioVersion = 10.0.40219.1
Project("{FAE04EC0-301F-11D3-BF4B-00C04F79EFBC}") = "UnityCS", "UnityCS\UnityCS.csproj", "{F0D465B8-D4D1-41E0-BA04-6B5AA673BB19}"
EndProject
Project("{FAE04EC0-301F-11D3-BF4B-00C04F79EFBC}") = "00Using", "00Using\00Using.csproj", "{B4F55FA8-6A51-4E8D-916C-07452CC5371F}"
EndProject
Project("{FAE04EC0-301F-11D3-BF4B-00C04F79EFBC}") = "01Class", "01Class\01Class.csproj", "{5C8A7F64-7F51-4185-B1F9-436DA9474607}"
EndProject
Project("{FAE04EC0-301F-11D3-BF4B-00C04F79EFBC}") = "02NameSpace", "02NameSpace\02NameSpace.csproj", "{A7AC583F-3E7D-442E-B0A4-01775761CBF2}"
EndProject
Project("{FAE04EC0-301F-11D3-BF4B-00C04F79EFBC}") = "03CodeStartAndReading", "03CodeStartAndReading\03CodeStartAndReading.csproj", "{EC8666E7-37CA-4AA6-B32C-255073673E88}"
EndProject
Project("{FAE04EC0-301F-11D3-BF4B-00C04F79EFBC}") = "04MemberVar", "04MemberVar\04MemberVar.csproj", "{AFB8BC8F-93CF-48F3-AC51-1E730C7FEE80}"
EndProject
Project("{FAE04EC0-301F-11D3-BF4B-00C04F79EFBC}") = "05MemberFunction", "05MemberFunction\05MemberFunction.csproj", "{D302FF00-40A3-4B60-A6A5-64A11F775DF8}"
EndProject
Project("{FAE04EC0-301F-11D3-BF4B-00C04F79EFBC}") = "06LocalVar", "06LocalVar\06LocalVar.csproj", "{7CF88069-A46B-446A-A453-ABD8179C9014}"
EndProject
Project("{FAE04EC0-301F-11D3-BF4B-00C04F79EFBC}") = "07ClassAccess", "07ClassAccess\07ClassAccess.csproj", "{B7F8D0AB-7367-4CE6-8B8B-E1A74B71B7F4}"
EndProject
Project("{FAE04EC0-301F-11D3-BF4B-00C04F79EFBC}") = "08FuncEx", "08FuncEx\08FuncEx.csproj", "{48C8E89D-7006-45BB-A7C9-83DEC84A04C7}"
EndProject
Project("{FAE04EC0-301F-11D3-BF4B-00C04F79EFBC}") = "09perator", "09perator\09perator.csproj", "{B077FD48-E9C2-4F41-9A96-14BE327892AE}"
EndProject
Project("{FAE04EC0-301F-11D3-BF4B-00C04F79EFBC}") = "10Memory00(Func)", "10Memory00_Func\10Memory00(Func).csproj", "{C8AF9B88-D85E-4E0A-9F64-2A8CF25AFD87}"
EndProject
Project("{FAE04EC0-301F-11D3-BF4B-00C04F79EFBC}") = "11Memory01(Value)", "11Memory00(Value)\11Memory01(Value).csproj", "{D61A8FDA-A2F7-4F97-B922-BD2F83E3B905}"
EndProject
Project("{FAE04EC0-301F-11D3-BF4B-00C04F79EFBC}") = "12Memory02(Reference)", "12Memory02(Reference)\12Memory02(Reference).csproj", "{5E3E1509-7AD8-4DCF-90A1-E061D34498E2}"
EndProject
Project("{FAE04EC0-301F-11D3-BF4B-00C04F79EFBC}") = "13StaticVar", "13StaticVar\13StaticVar.csproj", "{B17B7D8F-8A40-4EBC-828F-606C0B4C611F}"
EndProject
Project("{FAE04EC0-301F-11D3-BF4B-00C04F79EFBC}") = "14StaticFunc", "14StaticFunc\14StaticFunc.csproj", "{2B99B7B7-C8F6-4955-8E29-92B5D7C254B7}"
EndProject
Project("{FAE04EC0-301F-11D3-BF4B-00C04F79EFBC}") = "15staticClass", "15staticClass\15staticClass.csproj", "{E0C0A4B0-54BC-4E01-92A2-4CDB8DF895EE}"
EndProject
Project("{FAE04EC0-301F-11D3-BF4B-00C04F79EFBC}") = "16This", "16This\16This.csproj", "{D3B732E9-2B3E-4E28-93B1-6B63C83BE05D}"
EndProject
Project("{FAE04EC0-301F-11D3-BF4B-00C04F79EFBC}") = "17while", "17while\17while.csproj", "{7459022C-28C5-4C56-80BB-C56ACD40ACE9}"
EndProject
Global
	GlobalSection(SolutionConfigurationPlatforms) = preSolution
		Debug|Any CPU = Debug|Any CPU
		Release|Any CPU = Release|Any CPU
	EndGlobalSection
	GlobalSection(ProjectConfigurationPlatforms) = postSolution
		{F0D465B8-D4D1-41E0-BA04-6B5AA673BB19}.Debug|Any CPU.ActiveCfg = Debug|Any CPU
		{F0D465B8-D4D1-41E0-BA04-6B5AA673BB19}.Debug|Any CPU.Build.0 = Debug|Any CPU
		{F0D465B8-D4D1-41E0-BA04-6B5AA673BB19}.Release|Any CPU.ActiveCfg = Release|Any CPU
		{F0D465B8-D4D1-41E0-BA04-6B5AA673BB19}.Release|Any CPU.Build.0 = Release|Any CPU
		{B4F55FA8-6A51-4E8D-916C-07452CC5371F}.Debug|Any CPU.ActiveCfg = Debug|Any CPU
		{B4F55FA8-6A51-4E8D-916C-07452CC5371F}.Debug|Any CPU.Build.0 = Debug|Any CPU
		{B4F55FA8-6A51-4E8D-916C-07452CC5371F}.Release|Any CPU.ActiveCfg = Release|Any CPU
		{B4F55FA8-6A51-4E8D-916C-07452CC5371F}.Release|Any CPU.Build.0 = Release|Any CPU
		{5C8A7F64-7F51-4185-B1F9-436DA9474607}.Debug|Any CPU.ActiveCfg = Debug|Any CPU
		{5C8A7F64-7F51-4185-B1F9-436DA9474607}.Debug|Any CPU.Build.0 = Debug|Any CPU
		{5C8A7F64-7F51-4185-B1F9-436DA9474607}.Release|Any CPU.ActiveCfg = Release|Any CPU
		{5C8A7F64-7F51-4185-B1F9-436DA9474607}.Release|Any CPU.Build.0 = Release|Any CPU
		{A7AC583F-3E7D-442E-B0A4-01775761CBF2}.Debug|Any CPU.ActiveCfg = Debug|Any CPU
		{A7AC583F-3E7D-442E-B0A4-01775761CBF2}.Debug|Any CPU.Build.0 = Debug|Any CPU
		{A7AC583F-3E7D-442E-B0A4-01775761CBF2}.Release|Any CPU.ActiveCfg = Release|Any CPU
		{A7AC583F-3E7D-442E-B0A4-01775761CBF2}.Release|Any CPU.Build.0 = Release|Any CPU
		{EC8666E7-37CA-4AA6-B32C-255073673E88}.Debug|Any CPU.ActiveCfg = Debug|Any CPU
		{EC8666E7-37CA-4AA6-B32C-255073673E88}.Debug|Any CPU.Build.0 = Debug|Any CPU
		{EC8666E7-37CA-4AA6-B32C-255073673E88}.Release|Any CPU.ActiveCfg = Release|Any CPU
		{EC8666E7-37CA-4AA6-B32C-255073673E88}.Release|Any CPU.Build.0 = Release|Any CPU
		{AFB8BC8F-93CF-48F3-AC51-1E730C7FEE80}.Debug|Any CPU.ActiveCfg = Debug|Any CPU
		{AFB8BC8F-93CF-48F3-AC51-1E730C7FEE80}.Debug|Any CPU.Build.0 = Debug|Any CPU
		{AFB8BC8F-93CF-48F3-AC51-1E730C7FEE80}.Release|Any CPU.ActiveCfg = Release|Any CPU
		{AFB8BC8F-93CF-48F3-AC51-1E730C7FEE80}.Release|Any CPU.Build.0 = Release|Any CPU
		{D302FF00-40A3-4B60-A6A5-64A11F775DF8}.Debug|Any CPU.ActiveCfg = Debug|Any CPU
		{D302FF00-40A3-4B60-A6A5-64A11F775DF8}.Debug|Any CPU.Build.0 = Debug|Any CPU
		{D302FF00-40A3-4B60-A6A5-64A11F775DF8}.Release|Any CPU.ActiveCfg = Release|Any CPU
		{D302FF00-40A3-4B60-A6A5-64A11F775DF8}.Release|Any CPU.Build.0 = Release|Any CPU
		{7CF88069-A46B-446A-A453-ABD8179C9014}.Debug|Any CPU.ActiveCfg = Debug|Any CPU
		{7CF88069-A46B-446A-A453-ABD8179C9014}.Debug|Any CPU.Build.0 = Debug|Any CPU
		{7CF88069-A46B-446A-A453-ABD8179C9014}.Release|Any CPU.ActiveCfg = Release|Any CPU
		{7CF88069-A46B-446A-A453-ABD8179C9014}.Release|Any CPU.Build.0 = Release|Any CPU
		{B7F8D0AB-7367-4CE6-8B8B-E1A74B71B7F4}.Debug|Any CPU.ActiveCfg = Debug|Any CPU
		{B7F8D0AB-7367-4CE6-8B8B-E1A74B71B7F4}.Debug|Any CPU.Build.0 = Debug|Any CPU
		{B7F8D0AB-7367-4CE6-8B8B-E1A74B71B7F4}.Release|Any CPU.ActiveCfg = Release|Any CPU
		{B7F8D0AB-7367-4CE6-8B8B-E1A74B71B7F4}.Release|Any CPU.Build.0 = Release|Any CPU
		{48C8E89D-7006-45BB-A7C9-83DEC84A04C7}.Debug|Any CPU.ActiveCfg = Debug|Any CPU
		{48C8E89D-7006-45BB-A7C9-83DEC84A04C7}.Debug|Any CPU.Build.0 = Debug|Any CPU
		{48C8E89D-7006-45BB-A7C9-83DEC84A04C7}.Release|Any CPU.ActiveCfg = Release|Any CPU
		{48C8E89D-7006-45BB-A7C9-83DEC84A04C7}.Release|Any CPU.Build.0 = Release|Any CPU
		{B077FD48-E9C2-4F41-9A96-14BE327892AE}.Debug|Any CPU.ActiveCfg = Debug|Any CPU
		{B077FD48-E9C2-4F41-9A96-14BE327892AE}.Debug|Any CPU.Build.0 = Debug|Any CPU
		{B077FD48-E9C2-4F41-9A96-14BE327892AE}.Release|Any CPU.ActiveCfg = Release|Any CPU
		{B077FD48-E9C2-4F41-9A96-14BE327892AE}.Release|Any CPU.Build.0 = Release|Any CPU
		{C8AF9B88-D85E-4E0A-9F64-2A8CF25AFD87}.Debug|Any CPU.ActiveCfg = Debug|Any CPU
		{C8AF9B88-D85E-4E0A-9F64-2A8CF25AFD87}.Debug|Any CPU.Build.0 = Debug|Any CPU
		{C8AF9B88-D85E-4E0A-9F64-2A8CF25AFD87}.Release|Any CPU.ActiveCfg = Release|Any CPU
		{C8AF9B88-D85E-4E0A-9F64-2A8CF25AFD87}.Release|Any CPU.Build.0 = Release|Any CPU
		{D61A8FDA-A2F7-4F97-B922-BD2F83E3B905}.Debug|Any CPU.ActiveCfg = Debug|Any CPU
		{D61A8FDA-A2F7-4F97-B922-BD2F83E3B905}.Debug|Any CPU.Build.0 = Debug|Any CPU
		{D61A8FDA-A2F7-4F97-B922-BD2F83E3B905}.Release|Any CPU.ActiveCfg = Release|Any CPU
		{D61A8FDA-A2F7-4F97-B922-BD2F83E3B905}.Release|Any CPU.Build.0 = Release|Any CPU
		{5E3E1509-7AD8-4DCF-90A1-E061D34498E2}.Debug|Any CPU.ActiveCfg = Debug|Any CPU
		{5E3E1509-7AD8-4DCF-90A1-E061D34498E2}.Debug|Any CPU.Build.0 = Debug|Any CPU
		{5E3E1509-7AD8-4DCF-90A1-E061D34498E2}.Release|Any CPU.ActiveCfg = Release|Any CPU
		{5E3E1509-7AD8-4DCF-90A1-E061D34498E2}.Release|Any CPU.Build.0 = Release|Any CPU
		{B17B7D8F-8A40-4EBC-828F-606C0B4C611F}.Debug|Any CPU.ActiveCfg = Debug|Any CPU
		{B17B7D8F-8A40-4EBC-828F-606C0B4C611F}.Debug|Any CPU.Build.0 = Debug|Any CPU
		{B17B7D8F-8A40-4EBC-828F-606C0B4C611F}.Release|Any CPU.ActiveCfg = Release|Any CPU
		{B17B7D8F-8A40-4EBC-828F-606C0B4C611F}.Release|Any CPU.Build.0 = Release|Any CPU
		{2B99B7B7-C8F6-4955-8E29-92B5D7C254B7}.Debug|Any CPU.ActiveCfg = Debug|Any CPU
		{2B99B7B7-C8F6-4955-8E29-92B5D7C254B7}.Debug|Any CPU.Build.0 = Debug|Any CPU
		{2B99B7B7-C8F6-4955-8E29-92B5D7C254B7}.Release|Any CPU.ActiveCfg = Release|Any CPU
		{2B99B7B7-C8F6-4955-8E29-92B5D7C254B7}.Release|Any CPU.Build.0 = Release|Any CPU
		{E0C0A4B0-54BC-4E01-92A2-4CDB8DF895EE}.Debug|Any CPU.ActiveCfg = Debug|Any CPU
		{E0C0A4B0-54BC-4E01-92A2-4CDB8DF895EE}.Debug|Any CPU.Build.0 = Debug|Any CPU
		{E0C0A4B0-54BC-4E01-92A2-4CDB8DF895EE}.Release|Any CPU.ActiveCfg = Release|Any CPU
		{E0C0A4B0-54BC-4E01-92A2-4CDB8DF895EE}.Release|Any CPU.Build.0 = Release|Any CPU
		{D3B732E9-2B3E-4E28-93B1-6B63C83BE05D}.Debug|Any CPU.ActiveCfg = Debug|Any CPU
		{D3B732E9-2B3E-4E28-93B1-6B63C83BE05D}.Debug|Any CPU.Build.0 = Debug|Any CPU
		{D3B732E9-2B3E-4E28-93B1-6B63C83BE05D}.Release|Any CPU.ActiveCfg = Release|Any CPU
		{D3B732E9-2B3E-4E28-93B1-6B63C83BE05D}.Release|Any CPU.Build.0 = Release|Any CPU
		{7459022C-28C5-4C56-80BB-C56ACD40ACE9}.Debug|Any CPU.ActiveCfg = Debug|Any CPU
		{7459022C-28C5-4C56-80BB-C56ACD40ACE9}.Debug|Any CPU.Build.0 = Debug|Any CPU
		{7459022C-28C5-4C56-80BB-C56ACD40ACE9}.Release|Any CPU.ActiveCfg = Release|Any CPU
		{7459022C-28C5-4C56-80BB-C56ACD40ACE9}.Release|Any CPU.Build.0 = Release|Any CPU
	EndGlobalSection
	GlobalSection(SolutionProperties) = preSolution
		HideSolutionNode = FALSE
	EndGlobalSection
	GlobalSection(ExtensibilityGlobals) = postSolution
		SolutionGuid = {DBFB6B01-3F7E-483F-B288-EC75F90AA8AD}
	EndGlobalSection
EndGlobal
